// !$*UTF8*$!
{
	archiveVersion = 1;
	classes = {
	};
	objectVersion = 46;
	objects = {

/* Begin PBXBuildFile section */
		1D86E94B2083BE360073BB6A /* AppDelegate.swift in Sources */ = {isa = PBXBuildFile; fileRef = 1D86E94A2083BE360073BB6A /* AppDelegate.swift */; };
		1D86E94D2083BE360073BB6A /* ViewController.swift in Sources */ = {isa = PBXBuildFile; fileRef = 1D86E94C2083BE360073BB6A /* ViewController.swift */; };
		1D86E9502083BE360073BB6A /* Main.storyboard in Resources */ = {isa = PBXBuildFile; fileRef = 1D86E94E2083BE360073BB6A /* Main.storyboard */; };
		1D86E9532083BE360073BB6A /* Lab_04.xcdatamodeld in Sources */ = {isa = PBXBuildFile; fileRef = 1D86E9512083BE360073BB6A /* Lab_04.xcdatamodeld */; };
		1D86E9552083BE360073BB6A /* Assets.xcassets in Resources */ = {isa = PBXBuildFile; fileRef = 1D86E9542083BE360073BB6A /* Assets.xcassets */; };
		1D86E9582083BE360073BB6A /* LaunchScreen.storyboard in Resources */ = {isa = PBXBuildFile; fileRef = 1D86E9562083BE360073BB6A /* LaunchScreen.storyboard */; };
		1D86E9632083BE360073BB6A /* Lab_04Tests.swift in Sources */ = {isa = PBXBuildFile; fileRef = 1D86E9622083BE360073BB6A /* Lab_04Tests.swift */; };
		1D86E96E2083BE360073BB6A /* Lab_04UITests.swift in Sources */ = {isa = PBXBuildFile; fileRef = 1D86E96D2083BE360073BB6A /* Lab_04UITests.swift */; };
/* End PBXBuildFile section */

/* Begin PBXContainerItemProxy section */
		1D86E95F2083BE360073BB6A /* PBXContainerItemProxy */ = {
			isa = PBXContainerItemProxy;
			containerPortal = 1D86E93F2083BE360073BB6A /* Project object */;
			proxyType = 1;
			remoteGlobalIDString = 1D86E9462083BE360073BB6A;
			remoteInfo = "Lab-04";
		};
		1D86E96A2083BE360073BB6A /* PBXContainerItemProxy */ = {
			isa = PBXContainerItemProxy;
			containerPortal = 1D86E93F2083BE360073BB6A /* Project object */;
			proxyType = 1;
			remoteGlobalIDString = 1D86E9462083BE360073BB6A;
			remoteInfo = "Lab-04";
		};
/* End PBXContainerItemProxy section */

/* Begin PBXFileReference section */
		1D86E9472083BE360073BB6A /* Lab-04.app */ = {isa = PBXFileReference; explicitFileType = wrapper.application; includeInIndex = 0; path = "Lab-04.app"; sourceTree = BUILT_PRODUCTS_DIR; };
		1D86E94A2083BE360073BB6A /* AppDelegate.swift */ = {isa = PBXFileReference; lastKnownFileType = sourcecode.swift; path = AppDelegate.swift; sourceTree = "<group>"; };
		1D86E94C2083BE360073BB6A /* ViewController.swift */ = {isa = PBXFileReference; lastKnownFileType = sourcecode.swift; path = ViewController.swift; sourceTree = "<group>"; };
		1D86E94F2083BE360073BB6A /* Base */ = {isa = PBXFileReference; lastKnownFileType = file.storyboard; name = Base; path = Base.lproj/Main.storyboard; sourceTree = "<group>"; };
		1D86E9522083BE360073BB6A /* Lab_04.xcdatamodel */ = {isa = PBXFileReference; lastKnownFileType = wrapper.xcdatamodel; path = Lab_04.xcdatamodel; sourceTree = "<group>"; };
		1D86E9542083BE360073BB6A /* Assets.xcassets */ = {isa = PBXFileReference; lastKnownFileType = folder.assetcatalog; path = Assets.xcassets; sourceTree = "<group>"; };
		1D86E9572083BE360073BB6A /* Base */ = {isa = PBXFileReference; lastKnownFileType = file.storyboard; name = Base; path = Base.lproj/LaunchScreen.storyboard; sourceTree = "<group>"; };
		1D86E9592083BE360073BB6A /* Info.plist */ = {isa = PBXFileReference; lastKnownFileType = text.plist.xml; path = Info.plist; sourceTree = "<group>"; };
		1D86E95E2083BE360073BB6A /* Lab-04Tests.xctest */ = {isa = PBXFileReference; explicitFileType = wrapper.cfbundle; includeInIndex = 0; path = "Lab-04Tests.xctest"; sourceTree = BUILT_PRODUCTS_DIR; };
		1D86E9622083BE360073BB6A /* Lab_04Tests.swift */ = {isa = PBXFileReference; lastKnownFileType = sourcecode.swift; path = Lab_04Tests.swift; sourceTree = "<group>"; };
		1D86E9642083BE360073BB6A /* Info.plist */ = {isa = PBXFileReference; lastKnownFileType = text.plist.xml; path = Info.plist; sourceTree = "<group>"; };
		1D86E9692083BE360073BB6A /* Lab-04UITests.xctest */ = {isa = PBXFileReference; explicitFileType = wrapper.cfbundle; includeInIndex = 0; path = "Lab-04UITests.xctest"; sourceTree = BUILT_PRODUCTS_DIR; };
		1D86E96D2083BE360073BB6A /* Lab_04UITests.swift */ = {isa = PBXFileReference; lastKnownFileType = sourcecode.swift; path = Lab_04UITests.swift; sourceTree = "<group>"; };
		1D86E96F2083BE360073BB6A /* Info.plist */ = {isa = PBXFileReference; lastKnownFileType = text.plist.xml; path = Info.plist; sourceTree = "<group>"; };
/* End PBXFileReference section */

/* Begin PBXFrameworksBuildPhase section */
		1D86E9442083BE360073BB6A /* Frameworks */ = {
			isa = PBXFrameworksBuildPhase;
			buildActionMask = 2147483647;
			files = (
			);
			runOnlyForDeploymentPostprocessing = 0;
		};
		1D86E95B2083BE360073BB6A /* Frameworks */ = {
			isa = PBXFrameworksBuildPhase;
			buildActionMask = 2147483647;
			files = (
			);
			runOnlyForDeploymentPostprocessing = 0;
		};
		1D86E9662083BE360073BB6A /* Frameworks */ = {
			isa = PBXFrameworksBuildPhase;
			buildActionMask = 2147483647;
			files = (
			);
			runOnlyForDeploymentPostprocessing = 0;
		};
/* End PBXFrameworksBuildPhase section */

/* Begin PBXGroup section */
		1D86E93E2083BE360073BB6A = {
			isa = PBXGroup;
			children = (
				1D86E9492083BE360073BB6A /* Lab-04 */,
				1D86E9612083BE360073BB6A /* Lab-04Tests */,
				1D86E96C2083BE360073BB6A /* Lab-04UITests */,
				1D86E9482083BE360073BB6A /* Products */,
			);
			sourceTree = "<group>";
		};
		1D86E9482083BE360073BB6A /* Products */ = {
			isa = PBXGroup;
			children = (
				1D86E9472083BE360073BB6A /* Lab-04.app */,
				1D86E95E2083BE360073BB6A /* Lab-04Tests.xctest */,
				1D86E9692083BE360073BB6A /* Lab-04UITests.xctest */,
			);
			name = Products;
			sourceTree = "<group>";
		};
		1D86E9492083BE360073BB6A /* Lab-04 */ = {
			isa = PBXGroup;
			children = (
				1D86E94A2083BE360073BB6A /* AppDelegate.swift */,
				1D86E94C2083BE360073BB6A /* ViewController.swift */,
				1D86E94E2083BE360073BB6A /* Main.storyboard */,
				1D86E9542083BE360073BB6A /* Assets.xcassets */,
				1D86E9562083BE360073BB6A /* LaunchScreen.storyboard */,
				1D86E9592083BE360073BB6A /* Info.plist */,
				1D86E9512083BE360073BB6A /* Lab_04.xcdatamodeld */,
			);
			path = "Lab-04";
			sourceTree = "<group>";
		};
		1D86E9612083BE360073BB6A /* Lab-04Tests */ = {
			isa = PBXGroup;
			children = (
				1D86E9622083BE360073BB6A /* Lab_04Tests.swift */,
				1D86E9642083BE360073BB6A /* Info.plist */,
			);
			path = "Lab-04Tests";
			sourceTree = "<group>";
		};
		1D86E96C2083BE360073BB6A /* Lab-04UITests */ = {
			isa = PBXGroup;
			children = (
				1D86E96D2083BE360073BB6A /* Lab_04UITests.swift */,
				1D86E96F2083BE360073BB6A /* Info.plist */,
			);
			path = "Lab-04UITests";
			sourceTree = "<group>";
		};
/* End PBXGroup section */

/* Begin PBXNativeTarget section */
		1D86E9462083BE360073BB6A /* Lab-04 */ = {
			isa = PBXNativeTarget;
			buildConfigurationList = 1D86E9722083BE360073BB6A /* Build configuration list for PBXNativeTarget "Lab-04" */;
			buildPhases = (
				1D86E9432083BE360073BB6A /* Sources */,
				1D86E9442083BE360073BB6A /* Frameworks */,
				1D86E9452083BE360073BB6A /* Resources */,
			);
			buildRules = (
			);
			dependencies = (
			);
			name = "Lab-04";
			productName = "Lab-04";
			productReference = 1D86E9472083BE360073BB6A /* Lab-04.app */;
			productType = "com.apple.product-type.application";
		};
		1D86E95D2083BE360073BB6A /* Lab-04Tests */ = {
			isa = PBXNativeTarget;
			buildConfigurationList = 1D86E9752083BE360073BB6A /* Build configuration list for PBXNativeTarget "Lab-04Tests" */;
			buildPhases = (
				1D86E95A2083BE360073BB6A /* Sources */,
				1D86E95B2083BE360073BB6A /* Frameworks */,
				1D86E95C2083BE360073BB6A /* Resources */,
			);
			buildRules = (
			);
			dependencies = (
				1D86E9602083BE360073BB6A /* PBXTargetDependency */,
			);
			name = "Lab-04Tests";
			productName = "Lab-04Tests";
			productReference = 1D86E95E2083BE360073BB6A /* Lab-04Tests.xctest */;
			productType = "com.apple.product-type.bundle.unit-test";
		};
		1D86E9682083BE360073BB6A /* Lab-04UITests */ = {
			isa = PBXNativeTarget;
			buildConfigurationList = 1D86E9782083BE360073BB6A /* Build configuration list for PBXNativeTarget "Lab-04UITests" */;
			buildPhases = (
				1D86E9652083BE360073BB6A /* Sources */,
				1D86E9662083BE360073BB6A /* Frameworks */,
				1D86E9672083BE360073BB6A /* Resources */,
			);
			buildRules = (
			);
			dependencies = (
				1D86E96B2083BE360073BB6A /* PBXTargetDependency */,
			);
			name = "Lab-04UITests";
			productName = "Lab-04UITests";
			productReference = 1D86E9692083BE360073BB6A /* Lab-04UITests.xctest */;
			productType = "com.apple.product-type.bundle.ui-testing";
		};
/* End PBXNativeTarget section */

/* Begin PBXProject section */
		1D86E93F2083BE360073BB6A /* Project object */ = {
			isa = PBXProject;
			attributes = {
				LastSwiftUpdateCheck = 0820;
				LastUpgradeCheck = 0820;
				ORGANIZATIONNAME = kimhuutai;
				TargetAttributes = {
					1D86E9462083BE360073BB6A = {
						CreatedOnToolsVersion = 8.2;
						ProvisioningStyle = Automatic;
					};
					1D86E95D2083BE360073BB6A = {
						CreatedOnToolsVersion = 8.2;
						ProvisioningStyle = Automatic;
						TestTargetID = 1D86E9462083BE360073BB6A;
					};
					1D86E9682083BE360073BB6A = {
						CreatedOnToolsVersion = 8.2;
						ProvisioningStyle = Automatic;
						TestTargetID = 1D86E9462083BE360073BB6A;
					};
				};
			};
			buildConfigurationList = 1D86E9422083BE360073BB6A /* Build configuration list for PBXProject "Lab-04" */;
			compatibilityVersion = "Xcode 3.2";
			developmentRegion = English;
			hasScannedForEncodings = 0;
			knownRegions = (
				en,
				Base,
			);
			mainGroup = 1D86E93E2083BE360073BB6A;
			productRefGroup = 1D86E9482083BE360073BB6A /* Products */;
			projectDirPath = "";
			projectRoot = "";
			targets = (
				1D86E9462083BE360073BB6A /* Lab-04 */,
				1D86E95D2083BE360073BB6A /* Lab-04Tests */,
				1D86E9682083BE360073BB6A /* Lab-04UITests */,
			);
		};
/* End PBXProject section */

/* Begin PBXResourcesBuildPhase section */
		1D86E9452083BE360073BB6A /* Resources */ = {
			isa = PBXResourcesBuildPhase;
			buildActionMask = 2147483647;
			files = (
				1D86E9582083BE360073BB6A /* LaunchScreen.storyboard in Resources */,
				1D86E9552083BE360073BB6A /* Assets.xcassets in Resources */,
				1D86E9502083BE360073BB6A /* Main.storyboard in Resources */,
			);
			runOnlyForDeploymentPostprocessing = 0;
		};
		1D86E95C2083BE360073BB6A /* Resources */ = {
			isa = PBXResourcesBuildPhase;
			buildActionMask = 2147483647;
			files = (
			);
			runOnlyForDeploymentPostprocessing = 0;
		};
		1D86E9672083BE360073BB6A /* Resources */ = {
			isa = PBXResourcesBuildPhase;
			buildActionMask = 2147483647;
			files = (
			);
			runOnlyForDeploymentPostprocessing = 0;
		};
/* End PBXResourcesBuildPhase section */

/* Begin PBXSourcesBuildPhase section */
		1D86E9432083BE360073BB6A /* Sources */ = {
			isa = PBXSourcesBuildPhase;
			buildActionMask = 2147483647;
			files = (
				1D86E9532083BE360073BB6A /* Lab_04.xcdatamodeld in Sources */,
				1D86E94D2083BE360073BB6A /* ViewController.swift in Sources */,
				1D86E94B2083BE360073BB6A /* AppDelegate.swift in Sources */,
			);
			runOnlyForDeploymentPostprocessing = 0;
		};
		1D86E95A2083BE360073BB6A /* Sources */ = {
			isa = PBXSourcesBuildPhase;
			buildActionMask = 2147483647;
			files = (
				1D86E9632083BE360073BB6A /* Lab_04Tests.swift in Sources */,
			);
			runOnlyForDeploymentPostprocessing = 0;
		};
		1D86E9652083BE360073BB6A /* Sources */ = {
			isa = PBXSourcesBuildPhase;
			buildActionMask = 2147483647;
			files = (
				1D86E96E2083BE360073BB6A /* Lab_04UITests.swift in Sources */,
			);
			runOnlyForDeploymentPostprocessing = 0;
		};
/* End PBXSourcesBuildPhase section */

/* Begin PBXTargetDependency section */
		1D86E9602083BE360073BB6A /* PBXTargetDependency */ = {
			isa = PBXTargetDependency;
			target = 1D86E9462083BE360073BB6A /* Lab-04 */;
			targetProxy = 1D86E95F2083BE360073BB6A /* PBXContainerItemProxy */;
		};
		1D86E96B2083BE360073BB6A /* PBXTargetDependency */ = {
			isa = PBXTargetDependency;
			target = 1D86E9462083BE360073BB6A /* Lab-04 */;
			targetProxy = 1D86E96A2083BE360073BB6A /* PBXContainerItemProxy */;
		};
/* End PBXTargetDependency section */

/* Begin PBXVariantGroup section */
		1D86E94E2083BE360073BB6A /* Main.storyboard */ = {
			isa = PBXVariantGroup;
			children = (
				1D86E94F2083BE360073BB6A /* Base */,
			);
			name = Main.storyboard;
			sourceTree = "<group>";
		};
		1D86E9562083BE360073BB6A /* LaunchScreen.storyboard */ = {
			isa = PBXVariantGroup;
			children = (
				1D86E9572083BE360073BB6A /* Base */,
			);
			name = LaunchScreen.storyboard;
			sourceTree = "<group>";
		};
/* End PBXVariantGroup section */

/* Begin XCBuildConfiguration section */
		1D86E9702083BE360073BB6A /* Debug */ = {
			isa = XCBuildConfiguration;
			buildSettings = {
				ALWAYS_SEARCH_USER_PATHS = NO;
				CLANG_ANALYZER_NONNULL = YES;
				CLANG_CXX_LANGUAGE_STANDARD = "gnu++0x";
				CLANG_CXX_LIBRARY = "libc++";
				CLANG_ENABLE_MODULES = YES;
				CLANG_ENABLE_OBJC_ARC = YES;
				CLANG_WARN_BOOL_CONVERSION = YES;
				CLANG_WARN_CONSTANT_CONVERSION = YES;
				CLANG_WARN_DIRECT_OBJC_ISA_USAGE = YES_ERROR;
				CLANG_WARN_DOCUMENTATION_COMMENTS = YES;
				CLANG_WARN_EMPTY_BODY = YES;
				CLANG_WARN_ENUM_CONVERSION = YES;
				CLANG_WARN_INFINITE_RECURSION = YES;
				CLANG_WARN_INT_CONVERSION = YES;
				CLANG_WARN_OBJC_ROOT_CLASS = YES_ERROR;
				CLANG_WARN_SUSPICIOUS_MOVE = YES;
				CLANG_WARN_UNREACHABLE_CODE = YES;
				CLANG_WARN__DUPLICATE_METHOD_MATCH = YES;
				"CODE_SIGN_IDENTITY[sdk=iphoneos*]" = "iPhone Developer";
				COPY_PHASE_STRIP = NO;
				DEBUG_INFORMATION_FORMAT = dwarf;
				ENABLE_STRICT_OBJC_MSGSEND = YES;
				ENABLE_TESTABILITY = YES;
				GCC_C_LANGUAGE_STANDARD = gnu99;
				GCC_DYNAMIC_NO_PIC = NO;
				GCC_NO_COMMON_BLOCKS = YES;
				GCC_OPTIMIZATION_LEVEL = 0;
				GCC_PREPROCESSOR_DEFINITIONS = (
					"DEBUG=1",
					"$(inherited)",
				);
				GCC_WARN_64_TO_32_BIT_CONVERSION = YES;
				GCC_WARN_ABOUT_RETURN_TYPE = YES_ERROR;
				GCC_WARN_UNDECLARED_SELECTOR = YES;
				GCC_WARN_UNINITIALIZED_AUTOS = YES_AGGRESSIVE;
				GCC_WARN_UNUSED_FUNCTION = YES;
				GCC_WARN_UNUSED_VARIABLE = YES;
				IPHONEOS_DEPLOYMENT_TARGET = 10.2;
				MTL_ENABLE_DEBUG_INFO = YES;
				ONLY_ACTIVE_ARCH = YES;
				SDKROOT = iphoneos;
				SWIFT_ACTIVE_COMPILATION_CONDITIONS = DEBUG;
				SWIFT_OPTIMIZATION_LEVEL = "-Onone";
			};
			name = Debug;
		};
		1D86E9712083BE360073BB6A /* Release */ = {
			isa = XCBuildConfiguration;
			buildSettings = {
				ALWAYS_SEARCH_USER_PATHS = NO;
				CLANG_ANALYZER_NONNULL = YES;
				CLANG_CXX_LANGUAGE_STANDARD = "gnu++0x";
				CLANG_CXX_LIBRARY = "libc++";
				CLANG_ENABLE_MODULES = YES;
				CLANG_ENABLE_OBJC_ARC = YES;
				CLANG_WARN_BOOL_CONVERSION = YES;
				CLANG_WARN_CONSTANT_CONVERSION = YES;
				CLANG_WARN_DIRECT_OBJC_ISA_USAGE = YES_ERROR;
				CLANG_WARN_DOCUMENTATION_COMMENTS = YES;
				CLANG_WARN_EMPTY_BODY = YES;
				CLANG_WARN_ENUM_CONVERSION = YES;
				CLANG_WARN_INFINITE_RECURSION = YES;
				CLANG_WARN_INT_CONVERSION = YES;
				CLANG_WARN_OBJC_ROOT_CLASS = YES_ERROR;
				CLANG_WARN_SUSPICIOUS_MOVE = YES;
				CLANG_WARN_UNREACHABLE_CODE = YES;
				CLANG_WARN__DUPLICATE_METHOD_MATCH = YES;
				"CODE_SIGN_IDENTITY[sdk=iphoneos*]" = "iPhone Developer";
				COPY_PHASE_STRIP = NO;
				DEBUG_INFORMATION_FORMAT = "dwarf-with-dsym";
				ENABLE_NS_ASSERTIONS = NO;
				ENABLE_STRICT_OBJC_MSGSEND = YES;
				GCC_C_LANGUAGE_STANDARD = gnu99;
				GCC_NO_COMMON_BLOCKS = YES;
				GCC_WARN_64_TO_32_BIT_CONVERSION = YES;
				GCC_WARN_ABOUT_RETURN_TYPE = YES_ERROR;
				GCC_WARN_UNDECLARED_SELECTOR = YES;
				GCC_WARN_UNINITIALIZED_AUTOS = YES_AGGRESSIVE;
				GCC_WARN_UNUSED_FUNCTION = YES;
				GCC_WARN_UNUSED_VARIABLE = YES;
				IPHONEOS_DEPLOYMENT_TARGET = 10.2;
				MTL_ENABLE_DEBUG_INFO = NO;
				SDKROOT = iphoneos;
				SWIFT_OPTIMIZATION_LEVEL = "-Owholemodule";
				VALIDATE_PRODUCT = YES;
			};
			name = Release;
		};
		1D86E9732083BE360073BB6A /* Debug */ = {
			isa = XCBuildConfiguration;
			buildSettings = {
				ASSETCATALOG_COMPILER_APPICON_NAME = AppIcon;
				INFOPLIST_FILE = "Lab-04/Info.plist";
				LD_RUNPATH_SEARCH_PATHS = "$(inherited) @executable_path/Frameworks";
				PRODUCT_BUNDLE_IDENTIFIER = "test.Lab-04";
				PRODUCT_NAME = "$(TARGET_NAME)";
				SWIFT_VERSION = 3.0;
			};
			name = Debug;
		};
		1D86E9742083BE360073BB6A /* Release */ = {
			isa = XCBuildConfiguration;
			buildSettings = {
				ASSETCATALOG_COMPILER_APPICON_NAME = AppIcon;
				INFOPLIST_FILE = "Lab-04/Info.plist";
				LD_RUNPATH_SEARCH_PATHS = "$(inherited) @executable_path/Frameworks";
				PRODUCT_BUNDLE_IDENTIFIER = "test.Lab-04";
				PRODUCT_NAME = "$(TARGET_NAME)";
				SWIFT_VERSION = 3.0;
			};
			name = Release;
		};
		1D86E9762083BE360073BB6A /* Debug */ = {
			isa = XCBuildConfiguration;
			buildSettings = {
				ALWAYS_EMBED_SWIFT_STANDARD_LIBRARIES = YES;
				BUNDLE_LOADER = "$(TEST_HOST)";
				INFOPLIST_FILE = "Lab-04Tests/Info.plist";
				LD_RUNPATH_SEARCH_PATHS = "$(inherited) @executable_path/Frameworks @loader_path/Frameworks";
				PRODUCT_BUNDLE_IDENTIFIER = "test.Lab-04Tests";
				PRODUCT_NAME = "$(TARGET_NAME)";
				SWIFT_VERSION = 3.0;
				TEST_HOST = "$(BUILT_PRODUCTS_DIR)/Lab-04.app/Lab-04";
			};
			name = Debug;
		};
		1D86E9772083BE360073BB6A /* Release */ = {
			isa = XCBuildConfiguration;
			buildSettings = {
				ALWAYS_EMBED_SWIFT_STANDARD_LIBRARIES = YES;
				BUNDLE_LOADER = "$(TEST_HOST)";
				INFOPLIST_FILE = "Lab-04Tests/Info.plist";
				LD_RUNPATH_SEARCH_PATHS = "$(inherited) @executable_path/Frameworks @loader_path/Frameworks";
				PRODUCT_BUNDLE_IDENTIFIER = "test.Lab-04Tests";
				PRODUCT_NAME = "$(TARGET_NAME)";
				SWIFT_VERSION = 3.0;
				TEST_HOST = "$(BUILT_PRODUCTS_DIR)/Lab-04.app/Lab-04";
			};
			name = Release;
		};
		1D86E9792083BE360073BB6A /* Debug */ = {
			isa = XCBuildConfiguration;
			buildSettings = {
				ALWAYS_EMBED_SWIFT_STANDARD_LIBRARIES = YES;
				INFOPLIST_FILE = "Lab-04UITests/Info.plist";
				LD_RUNPATH_SEARCH_PATHS = "$(inherited) @executable_path/Frameworks @loader_path/Frameworks";
				PRODUCT_BUNDLE_IDENTIFIER = "test.Lab-04UITests";
				PRODUCT_NAME = "$(TARGET_NAME)";
				SWIFT_VERSION = 3.0;
				TEST_TARGET_NAME = "Lab-04";
			};
			name = Debug;
		};
		1D86E97A2083BE360073BB6A /* Release */ = {
			isa = XCBuildConfiguration;
			buildSettings = {
				ALWAYS_EMBED_SWIFT_STANDARD_LIBRARIES = YES;
				INFOPLIST_FILE = "Lab-04UITests/Info.plist";
				LD_RUNPATH_SEARCH_PATHS = "$(inherited) @executable_path/Frameworks @loader_path/Frameworks";
				PRODUCT_BUNDLE_IDENTIFIER = "test.Lab-04UITests";
				PRODUCT_NAME = "$(TARGET_NAME)";
				SWIFT_VERSION = 3.0;
				TEST_TARGET_NAME = "Lab-04";
			};
			name = Release;
		};
/* End XCBuildConfiguration section */

/* Begin XCConfigurationList section */
		1D86E9422083BE360073BB6A /* Build configuration list for PBXProject "Lab-04" */ = {
			isa = XCConfigurationList;
			buildConfigurations = (
				1D86E9702083BE360073BB6A /* Debug */,
				1D86E9712083BE360073BB6A /* Release */,
			);
			defaultConfigurationIsVisible = 0;
			defaultConfigurationName = Release;
		};
		1D86E9722083BE360073BB6A /* Build configuration list for PBXNativeTarget "Lab-04" */ = {
			isa = XCConfigurationList;
			buildConfigurations = (
				1D86E9732083BE360073BB6A /* Debug */,
				1D86E9742083BE360073BB6A /* Release */,
			);
			defaultConfigurationIsVisible = 0;
		};
		1D86E9752083BE360073BB6A /* Build configuration list for PBXNativeTarget "Lab-04Tests" */ = {
			isa = XCConfigurationList;
			buildConfigurations = (
				1D86E9762083BE360073BB6A /* Debug */,
				1D86E9772083BE360073BB6A /* Release */,
			);
			defaultConfigurationIsVisible = 0;
		};
		1D86E9782083BE360073BB6A /* Build configuration list for PBXNativeTarget "Lab-04UITests" */ = {
			isa = XCConfigurationList;
			buildConfigurations = (
				1D86E9792083BE360073BB6A /* Debug */,
				1D86E97A2083BE360073BB6A /* Release */,
			);
			defaultConfigurationIsVisible = 0;
		};
/* End XCConfigurationList section */

/* Begin XCVersionGroup section */
		1D86E9512083BE360073BB6A /* Lab_04.xcdatamodeld */ = {
			isa = XCVersionGroup;
			children = (
				1D86E9522083BE360073BB6A /* Lab_04.xcdatamodel */,
			);
			currentVersion = 1D86E9522083BE360073BB6A /* Lab_04.xcdatamodel */;
			path = Lab_04.xcdatamodeld;
			sourceTree = "<group>";
			versionGroupType = wrapper.xcdatamodel;
		};
/* End XCVersionGroup section */
	};
	rootObject = 1D86E93F2083BE360073BB6A /* Project object */;
}
